{
  "name": "pr",
  "lockfileVersion": 3,
  "requires": true,
  "packages": {
    "": {
      "dependencies": {
        "omi": "^7.7.13"
      }
    },
    "node_modules/construct-style-sheets-polyfill": {
      "version": "3.0.1",
      "resolved": "https://registry.npmmirror.com/construct-style-sheets-polyfill/-/construct-style-sheets-polyfill-3.0.1.tgz",
      "integrity": "sha512-vyAiTcS3i29IxjzJ12K2MGUUBYgrF69p6fKD+8ZPRLFhwTtuaxXLpazl4Yw4FITsQXwUMrh8juI1bOHWYjzkwA==",
      "engines": {
        "npm": ">=7"
      }
    },
    "node_modules/omi": {
      "version": "7.7.13",
      "resolved": "https://registry.npmmirror.com/omi/-/omi-7.7.13.tgz",
      "integrity": "sha512-LA/rLhGE7PO/OVN9Mp4TG4YL3Dt5dERM9fsVyiPmE75CRCuyW7vVfrYK8Ee7EPbQuTycYRsfbrD1YBQytOY/jw==",
      "license": "MIT",
      "dependencies": {
        "construct-style-sheets-polyfill": "3.0.1",
        "reactive-signal": "^2.0.1",
        "weakmap-polyfill": "2.0.4"
      }
    },
    "node_modules/reactive-signal": {
      "version": "2.0.1",
      "resolved": "https://registry.npmmirror.com/reactive-signal/-/reactive-signal-2.0.1.tgz",
      "integrity": "sha512-c+avHi2L+sHn9kkEsDZskRGtkfj6PtoTn1wGgutY2NZR9jCI0InXY7zqWbUXz6cGcuIXKMkQq/mtUiUXBFmKVA==",
      "license": "MIT"
    },
    "node_modules/weakmap-polyfill": {
      "version": "2.0.4",
      "resolved": "https://registry.npmmirror.com/weakmap-polyfill/-/weakmap-polyfill-2.0.4.tgz",
      "integrity": "sha512-ZzxBf288iALJseijWelmECm/1x7ZwQn3sMYIkDr2VvZp7r6SEKuT8D0O9Wiq6L9Nl5mazrOMcmiZE/2NCenaxw==",
      "engines": {
        "node": ">=8.10.0"
      }
    }
  }
}
